
Microsoft Visual Studio Solution File, Format Version 12.00
# Visual Studio Version 17
VisualStudioVersion = 17.3.32819.101
MinimumVisualStudioVersion = 10.0.40219.1
Project("{8BC9CEB8-8B4A-11D0-8D11-00A0C91BC942}") = "9.5", "9.5\9.5.vcxproj", "{AB0B45FF-82F8-4115-8180-D730C6D8A978}"
EndProject
Global
	GlobalSection(SolutionConfigurationPlatforms) = preSolution
		Debug|x64 = Debug|x64
		Debug|x86 = Debug|x86
		Release|x64 = Release|x64
		Release|x86 = Release|x86
	EndGlobalSection
	GlobalSection(ProjectConfigurationPlatforms) = postSolution
		{AB0B45FF-82F8-4115-8180-D730C6D8A978}.Debug|x64.ActiveCfg = Debug|x64
		{AB0B45FF-82F8-4115-8180-D730C6D8A978}.Debug|x64.Build.0 = Debug|x64
		{AB0B45FF-82F8-4115-8180-D730C6D8A978}.Debug|x86.ActiveCfg = Debug|Win32
		{AB0B45FF-82F8-4115-8180-D730C6D8A978}.Debug|x86.Build.0 = Debug|Win32
		{AB0B45FF-82F8-4115-8180-D730C6D8A978}.Release|x64.ActiveCfg = Release|x64
		{AB0B45FF-82F8-4115-8180-D730C6D8A978}.Release|x64.Build.0 = Release|x64
		{AB0B45FF-82F8-4115-8180-D730C6D8A978}.Release|x86.ActiveCfg = Release|Win32
		{AB0B45FF-82F8-4115-8180-D730C6D8A978}.Release|x86.Build.0 = Release|Win32
	EndGlobalSection
	GlobalSection(SolutionProperties) = preSolution
		HideSolutionNode = FALSE
	EndGlobalSection
	GlobalSection(ExtensibilityGlobals) = postSolution
		SolutionGuid = {A8B87C14-DB39-4ADF-832D-9637BA92348E}
	EndGlobalSection
EndGlobal
